#
# This file is autogenerated by pip-compile with Python 3.8
# by the following command:
#
#    pip-compile --output-file=/home/M267492/kedro-multimodal/src/requirements.lock /home/M267492/kedro-multimodal/src/requirements.txt
#
absl-py==1.3.0
    # via
    #   tensorboard
    #   tensorflow
anyconfig==0.10.1
    # via kedro
anyio==3.6.2
    # via jupyter-server
argon2-cffi==21.3.0
    # via
    #   jupyter-server
    #   nbclassic
    #   notebook
argon2-cffi-bindings==21.2.0
    # via argon2-cffi
arrow==1.2.3
    # via
    #   isoduration
    #   jinja2-time
asttokens==2.2.1
    # via stack-data
astunparse==1.6.3
    # via tensorflow
attrs==22.2.0
    # via
    #   jsonschema
    #   kedro
    #   pytest
babel==2.11.0
    # via jupyterlab-server
backcall==0.2.0
    # via ipython
beautifulsoup4==4.11.1
    # via nbconvert
binaryornot==0.4.4
    # via cookiecutter
black==22.12.0
    # via -r /home/M267492/kedro-multimodal/src/requirements.txt
bleach==5.0.1
    # via nbconvert
build==0.9.0
    # via pip-tools
cachetools==4.2.4
    # via
    #   google-auth
    #   kedro
certifi==2022.12.7
    # via requests
cffi==1.15.1
    # via argon2-cffi-bindings
chardet==5.1.0
    # via binaryornot
charset-normalizer==2.1.1
    # via requests
click==8.1.3
    # via
    #   black
    #   cookiecutter
    #   kedro
    #   nltk
    #   pip-tools
comm==0.1.2
    # via ipykernel
commonmark==0.9.1
    # via rich
contourpy==1.0.6
    # via matplotlib
cookiecutter==2.1.1
    # via kedro
coverage[toml]==7.0.1
    # via pytest-cov
cycler==0.11.0
    # via matplotlib
debugpy==1.6.4
    # via ipykernel
decorator==5.1.1
    # via ipython
defusedxml==0.7.1
    # via nbconvert
dynaconf==3.1.11
    # via kedro
entrypoints==0.4
    # via jupyter-client
exceptiongroup==1.1.0
    # via pytest
executing==1.2.0
    # via stack-data
fastjsonschema==2.16.2
    # via nbformat
flake8==6.0.0
    # via -r /home/M267492/kedro-multimodal/src/requirements.txt
flatbuffers==22.12.6
    # via tensorflow
fonttools==4.38.0
    # via matplotlib
fqdn==1.5.1
    # via jsonschema
fsspec==2022.11.0
    # via kedro
fst-pso==1.8.1
    # via pyfume
fuzzytm==2.0.5
    # via gensim
gast==0.4.0
    # via tensorflow
gensim==4.3.0
    # via -r /home/M267492/kedro-multimodal/src/requirements.txt
gitdb==4.0.10
    # via gitpython
gitpython==3.1.30
    # via kedro
google-auth==2.15.0
    # via
    #   google-auth-oauthlib
    #   tensorboard
google-auth-oauthlib==0.4.6
    # via tensorboard
google-pasta==0.2.0
    # via tensorflow
grpcio==1.51.1
    # via
    #   tensorboard
    #   tensorflow
h5py==3.7.0
    # via tensorflow
idna==3.4
    # via
    #   anyio
    #   jsonschema
    #   requests
importlib-metadata==6.0.0
    # via
    #   jupyterlab-server
    #   kedro
    #   markdown
    #   nbconvert
importlib-resources==5.10.2
    # via
    #   jsonschema
    #   kedro
iniconfig==1.1.1
    # via pytest
ipykernel==6.19.4
    # via
    #   ipywidgets
    #   jupyter
    #   jupyter-console
    #   nbclassic
    #   notebook
    #   qtconsole
ipython==8.7.0
    # via
    #   -r /home/M267492/kedro-multimodal/src/requirements.txt
    #   ipykernel
    #   ipywidgets
    #   jupyter-console
    #   jupyterlab
ipython-genutils==0.2.0
    # via
    #   nbclassic
    #   notebook
    #   qtconsole
ipywidgets==8.0.4
    # via jupyter
isoduration==20.11.0
    # via jsonschema
isort==5.11.4
    # via -r /home/M267492/kedro-multimodal/src/requirements.txt
jedi==0.18.2
    # via ipython
jinja2==3.1.2
    # via
    #   cookiecutter
    #   jinja2-time
    #   jupyter-server
    #   jupyterlab
    #   jupyterlab-server
    #   nbclassic
    #   nbconvert
    #   notebook
jinja2-time==0.2.0
    # via cookiecutter
jmespath==0.10.0
    # via kedro
joblib==1.2.0
    # via
    #   nltk
    #   scikit-learn
json5==0.9.10
    # via jupyterlab-server
jsonpointer==2.3
    # via jsonschema
jsonschema[format-nongpl]==4.17.3
    # via
    #   jupyter-events
    #   jupyterlab-server
    #   nbformat
jupyter==1.0.0
    # via -r /home/M267492/kedro-multimodal/src/requirements.txt
jupyter-client==7.4.8
    # via
    #   ipykernel
    #   jupyter-console
    #   jupyter-server
    #   nbclassic
    #   nbclient
    #   notebook
    #   qtconsole
jupyter-console==6.4.4
    # via jupyter
jupyter-core==5.1.1
    # via
    #   jupyter-client
    #   jupyter-server
    #   jupyterlab
    #   nbclassic
    #   nbclient
    #   nbconvert
    #   nbformat
    #   notebook
    #   qtconsole
jupyter-events==0.5.0
    # via jupyter-server
jupyter-server==2.0.6
    # via
    #   jupyterlab
    #   jupyterlab-server
    #   nbclassic
    #   notebook-shim
jupyter-server-terminals==0.4.3
    # via jupyter-server
jupyterlab==3.5.2
    # via -r /home/M267492/kedro-multimodal/src/requirements.txt
jupyterlab-pygments==0.2.2
    # via nbconvert
jupyterlab-server==2.17.0
    # via jupyterlab
jupyterlab-widgets==3.0.5
    # via ipywidgets
kedro==0.18.4
    # via -r /home/M267492/kedro-multimodal/src/requirements.txt
kedro_tf_image @ git+https://github.com/dermatologist/kedro-tf-image.git@develop
    # via -r /home/M267492/kedro-multimodal/src/requirements.txt
kedro_tf_text @ git+https://github.com/dermatologist/kedro-tf-text.git@develop
    # via -r /home/M267492/kedro-multimodal/src/requirements.txt
kedro_tf_utils @ git+https://github.com/dermatologist/kedro-tf-utils.git@develop
    # via -r /home/M267492/kedro-multimodal/src/requirements.txt
keras==2.11.0
    # via tensorflow
kiwisolver==1.4.4
    # via matplotlib
libclang==14.0.6
    # via tensorflow
markdown==3.4.1
    # via tensorboard
markupsafe==2.1.1
    # via
    #   jinja2
    #   nbconvert
    #   werkzeug
matplotlib==3.6.2
    # via -r /home/M267492/kedro-multimodal/src/requirements.txt
matplotlib-inline==0.1.6
    # via
    #   ipykernel
    #   ipython
mccabe==0.7.0
    # via flake8
miniful==0.0.6
    # via fst-pso
mistune==2.0.4
    # via nbconvert
mypy-extensions==0.4.3
    # via black
nbclassic==0.4.8
    # via
    #   jupyterlab
    #   notebook
nbclient==0.7.2
    # via nbconvert
nbconvert==7.2.7
    # via
    #   jupyter
    #   jupyter-server
    #   nbclassic
    #   notebook
nbformat==5.7.1
    # via
    #   jupyter-server
    #   nbclassic
    #   nbclient
    #   nbconvert
    #   nbstripout
    #   notebook
nbstripout==0.6.1
    # via -r /home/M267492/kedro-multimodal/src/requirements.txt
nest-asyncio==1.5.6
    # via
    #   ipykernel
    #   jupyter-client
    #   nbclassic
    #   notebook
nltk==3.8
    # via -r /home/M267492/kedro-multimodal/src/requirements.txt
notebook==6.5.2
    # via
    #   jupyter
    #   jupyterlab
notebook-shim==0.2.2
    # via nbclassic
numpy==1.24.1
    # via
    #   contourpy
    #   fst-pso
    #   fuzzytm
    #   gensim
    #   h5py
    #   matplotlib
    #   miniful
    #   opencv-python
    #   opt-einsum
    #   pandas
    #   pyfume
    #   scikit-learn
    #   scipy
    #   simpful
    #   tensorboard
    #   tensorflow
    #   tensorflow-hub
oauthlib==3.2.2
    # via requests-oauthlib
opencv-python==4.7.0.68
    # via -r /home/M267492/kedro-multimodal/src/requirements.txt
opt-einsum==3.3.0
    # via tensorflow
packaging==22.0
    # via
    #   build
    #   ipykernel
    #   jupyter-server
    #   jupyterlab
    #   jupyterlab-server
    #   matplotlib
    #   nbconvert
    #   pytest
    #   pytoolconfig
    #   qtpy
    #   tensorflow
pandas==1.5.2
    # via
    #   -r /home/M267492/kedro-multimodal/src/requirements.txt
    #   fuzzytm
pandocfilters==1.5.0
    # via nbconvert
parso==0.8.3
    # via jedi
pathspec==0.10.3
    # via black
pep517==0.13.0
    # via build
pexpect==4.8.0
    # via ipython
pickleshare==0.7.5
    # via ipython
pillow==9.3.0
    # via
    #   -r /home/M267492/kedro-multimodal/src/requirements.txt
    #   matplotlib
pip-tools==6.12.1
    # via kedro
pkgutil-resolve-name==1.3.10
    # via jsonschema
platformdirs==2.6.2
    # via
    #   black
    #   jupyter-core
    #   pytoolconfig
pluggy==1.0.0
    # via
    #   kedro
    #   pytest
prometheus-client==0.15.0
    # via
    #   jupyter-server
    #   nbclassic
    #   notebook
prompt-toolkit==3.0.36
    # via
    #   ipython
    #   jupyter-console
protobuf==3.19.6
    # via
    #   tensorboard
    #   tensorflow
    #   tensorflow-hub
psutil==5.9.4
    # via ipykernel
ptyprocess==0.7.0
    # via
    #   pexpect
    #   terminado
pure-eval==0.2.2
    # via stack-data
pyasn1==0.4.8
    # via
    #   pyasn1-modules
    #   rsa
pyasn1-modules==0.2.8
    # via google-auth
pycodestyle==2.10.0
    # via flake8
pycparser==2.21
    # via cffi
pyflakes==3.0.1
    # via flake8
pyfume==0.2.25
    # via fuzzytm
pygments==2.14.0
    # via
    #   ipython
    #   jupyter-console
    #   nbconvert
    #   qtconsole
    #   rich
pyparsing==3.0.9
    # via matplotlib
pyrsistent==0.19.3
    # via jsonschema
pytest==7.2.0
    # via
    #   -r /home/M267492/kedro-multimodal/src/requirements.txt
    #   pytest-cov
    #   pytest-mock
pytest-cov==4.0.0
    # via -r /home/M267492/kedro-multimodal/src/requirements.txt
pytest-mock==3.10.0
    # via -r /home/M267492/kedro-multimodal/src/requirements.txt
python-dateutil==2.8.2
    # via
    #   arrow
    #   jupyter-client
    #   matplotlib
    #   pandas
python-json-logger==2.0.4
    # via
    #   -r /home/M267492/kedro-multimodal/src/requirements.txt
    #   jupyter-events
python-slugify==7.0.0
    # via cookiecutter
pytoolconfig[global]==1.2.4
    # via rope
pytz==2022.7
    # via
    #   babel
    #   pandas
pyyaml==6.0
    # via
    #   cookiecutter
    #   jupyter-events
    #   kedro
pyzmq==24.0.1
    # via
    #   ipykernel
    #   jupyter-client
    #   jupyter-server
    #   nbclassic
    #   notebook
    #   qtconsole
qtconsole==5.4.0
    # via jupyter
qtpy==2.3.0
    # via qtconsole
regex==2022.10.31
    # via nltk
requests==2.28.1
    # via
    #   cookiecutter
    #   jupyterlab-server
    #   requests-oauthlib
    #   simpful
    #   tensorboard
requests-oauthlib==1.3.1
    # via google-auth-oauthlib
rfc3339-validator==0.1.4
    # via jsonschema
rfc3986-validator==0.1.1
    # via jsonschema
rich==12.6.0
    # via kedro
rope==1.5.1
    # via kedro
rsa==4.9
    # via google-auth
scikit-learn==1.2.0
    # via -r /home/M267492/kedro-multimodal/src/requirements.txt
scipy==1.9.3
    # via
    #   fuzzytm
    #   gensim
    #   miniful
    #   pyfume
    #   scikit-learn
    #   simpful
send2trash==1.8.0
    # via
    #   jupyter-server
    #   nbclassic
    #   notebook
simpful==2.9.0
    # via pyfume
six==1.16.0
    # via
    #   asttokens
    #   astunparse
    #   bleach
    #   google-auth
    #   google-pasta
    #   python-dateutil
    #   rfc3339-validator
    #   tensorflow
smart-open==6.3.0
    # via gensim
smmap==5.0.0
    # via gitdb
sniffio==1.3.0
    # via anyio
soupsieve==2.3.2.post1
    # via beautifulsoup4
stack-data==0.6.2
    # via ipython
tensorboard==2.11.0
    # via tensorflow
tensorboard-data-server==0.6.1
    # via tensorboard
tensorboard-plugin-wit==1.8.1
    # via tensorboard
tensorflow==2.11.0
    # via
    #   -r /home/M267492/kedro-multimodal/src/requirements.txt
    #   tensorflow-text
tensorflow-estimator==2.11.0
    # via tensorflow
tensorflow-hub==0.12.0
    # via tensorflow-text
tensorflow-io-gcs-filesystem==0.29.0
    # via tensorflow
tensorflow-text==2.11.0
    # via -r /home/M267492/kedro-multimodal/src/requirements.txt
termcolor==2.1.1
    # via tensorflow
terminado==0.17.1
    # via
    #   jupyter-server
    #   jupyter-server-terminals
    #   nbclassic
    #   notebook
text-unidecode==1.3
    # via python-slugify
threadpoolctl==3.1.0
    # via scikit-learn
tinycss2==1.2.1
    # via nbconvert
toml==0.10.2
    # via kedro
tomli==2.0.1
    # via
    #   black
    #   build
    #   coverage
    #   jupyterlab
    #   pep517
    #   pytest
    #   pytoolconfig
toposort==1.7
    # via kedro
tornado==6.2
    # via
    #   ipykernel
    #   jupyter-client
    #   jupyter-server
    #   jupyterlab
    #   nbclassic
    #   notebook
    #   terminado
tqdm==4.64.1
    # via nltk
traitlets==5.8.0
    # via
    #   comm
    #   ipykernel
    #   ipython
    #   ipywidgets
    #   jupyter-client
    #   jupyter-core
    #   jupyter-events
    #   jupyter-server
    #   matplotlib-inline
    #   nbclassic
    #   nbclient
    #   nbconvert
    #   nbformat
    #   notebook
    #   qtconsole
typing-extensions==4.4.0
    # via
    #   black
    #   rich
    #   tensorflow
uri-template==1.2.0
    # via jsonschema
urllib3==1.26.13
    # via requests
wcwidth==0.2.5
    # via prompt-toolkit
webcolors==1.12
    # via jsonschema
webencodings==0.5.1
    # via
    #   bleach
    #   tinycss2
websocket-client==1.4.2
    # via jupyter-server
werkzeug==2.2.2
    # via tensorboard
wheel==0.38.4
    # via
    #   astunparse
    #   pip-tools
    #   tensorboard
widgetsnbextension==4.0.5
    # via ipywidgets
wrapt==1.14.1
    # via tensorflow
zipp==3.11.0
    # via
    #   importlib-metadata
    #   importlib-resources

# The following packages are considered to be unsafe in a requirements file:
# pip
# setuptools
